{
  "name": "json-rpc",
  "version": "1.0.0",
  "lockfileVersion": 1,
  "requires": true,
  "dependencies": {
    "ipware": {
      "version": "2.0.0",
      "resolved": "https://registry.npmjs.org/ipware/-/ipware-2.0.0.tgz",
      "integrity": "sha512-xOqLoYyWIBcO6ANVZK7GgnuH9V7wbqDf6/MrRi4I+Ae1A11m6jcaNRtMSezypkupRUjiSSLq3F/DTvAM1cZfQw=="
    },
    "simple-jsonrpc-js": {
      "version": "1.2.0",
      "resolved": "https://registry.npmjs.org/simple-jsonrpc-js/-/simple-jsonrpc-js-1.2.0.tgz",
      "integrity": "sha512-owkAmh7fjSYBUZVestTPCZMKYQvNiDejqZ/iGfVaKs1nrC1ZBDA3qGraf94+JNFJmu536Tb8oPe8PSPuq7GO6Q=="
    },
    "xmlhttprequest": {
      "version": "1.8.0",
      "resolved": "https://registry.npmjs.org/xmlhttprequest/-/xmlhttprequest-1.8.0.tgz",
      "integrity": "sha1-Z/4HXFwk/vOfnWX197f+dRcZaPw="
    }
  }
}
